Microsoft Visual Studio Solution File, Format Version 11.00
# Visual Studio 2013
Project("{DBE5EB2C-582E-4738-BC48-5E25BCF92FAE}") = "Reverb", "Reverb.vcxproj", "{D5C4826A-0C59-C71B-4BD6-A28B896AB1EC}"
EndProject
Global
	GlobalSection(SolutionConfigurationPlatforms) = preSolution
		Debug|Win32 = Debug|Win32
		Release|Win32 = Release|Win32
	EndGlobalSection
	GlobalSection(ProjectConfigurationPlatforms) = postSolution
		{D5C4826A-0C59-C71B-4BD6-A28B896AB1EC}.Debug|Win32.ActiveCfg = Debug|Win32
		{D5C4826A-0C59-C71B-4BD6-A28B896AB1EC}.Debug|Win32.Build.0 = Debug|Win32
		{D5C4826A-0C59-C71B-4BD6-A28B896AB1EC}.Release|Win32.ActiveCfg = Release|Win32
		{D5C4826A-0C59-C71B-4BD6-A28B896AB1EC}.Release|Win32.Build.0 = Release|Win32
	EndGlobalSection
	GlobalSection(SolutionProperties) = preSolution
		HideSolutionNode = FALSE
	EndGlobalSection
EndGlobal
